// !$*UTF8*$!
{
	archiveVersion = 1;
	classes = {
	};
	objectVersion = 56;
	objects = {

/* Begin PBXBuildFile section */
		4CAF7BBB2AE5061E000C9277 /* Padel Pro Watch App.app in Embed Watch Content */ = {isa = PBXBuildFile; fileRef = 4CAF7BBA2AE5061E000C9277 /* Padel Pro Watch App.app */; settings = {ATTRIBUTES = (RemoveHeadersOnCopy, ); }; };
		4CAF7BC02AE5061E000C9277 /* Padel_ProApp.swift in Sources */ = {isa = PBXBuildFile; fileRef = 4CAF7BBF2AE5061E000C9277 /* Padel_ProApp.swift */; };
		4CAF7BC22AE5061E000C9277 /* ContentView.swift in Sources */ = {isa = PBXBuildFile; fileRef = 4CAF7BC12AE5061E000C9277 /* ContentView.swift */; };
		4CAF7BC42AE5061F000C9277 /* Assets.xcassets in Resources */ = {isa = PBXBuildFile; fileRef = 4CAF7BC32AE5061F000C9277 /* Assets.xcassets */; };
		4CAF7BC72AE5061F000C9277 /* Preview Assets.xcassets in Resources */ = {isa = PBXBuildFile; fileRef = 4CAF7BC62AE5061F000C9277 /* Preview Assets.xcassets */; };
/* End PBXBuildFile section */

/* Begin PBXContainerItemProxy section */
		4CAF7BBC2AE5061E000C9277 /* PBXContainerItemProxy */ = {
			isa = PBXContainerItemProxy;
			containerPortal = 4CAF7BAE2AE5061E000C9277 /* Project object */;
			proxyType = 1;
			remoteGlobalIDString = 4CAF7BB92AE5061E000C9277;
			remoteInfo = "Padel Pro Watch App";
		};
/* End PBXContainerItemProxy section */

/* Begin PBXCopyFilesBuildPhase section */
		4CAF7BCD2AE5061F000C9277 /* Embed Watch Content */ = {
			isa = PBXCopyFilesBuildPhase;
			buildActionMask = 2147483647;
			dstPath = "$(CONTENTS_FOLDER_PATH)/Watch";
			dstSubfolderSpec = 16;
			files = (
				4CAF7BBB2AE5061E000C9277 /* Padel Pro Watch App.app in Embed Watch Content */,
			);
			name = "Embed Watch Content";
			runOnlyForDeploymentPostprocessing = 0;
		};
/* End PBXCopyFilesBuildPhase section */

/* Begin PBXFileReference section */
		4CAF7BB42AE5061E000C9277 /* Padel Pro.app */ = {isa = PBXFileReference; explicitFileType = wrapper.application; includeInIndex = 0; path = "Padel Pro.app"; sourceTree = BUILT_PRODUCTS_DIR; };
		4CAF7BBA2AE5061E000C9277 /* Padel Pro Watch App.app */ = {isa = PBXFileReference; explicitFileType = wrapper.application; includeInIndex = 0; path = "Padel Pro Watch App.app"; sourceTree = BUILT_PRODUCTS_DIR; };
		4CAF7BBF2AE5061E000C9277 /* Padel_ProApp.swift */ = {isa = PBXFileReference; lastKnownFileType = sourcecode.swift; path = Padel_ProApp.swift; sourceTree = "<group>"; };
		4CAF7BC12AE5061E000C9277 /* ContentView.swift */ = {isa = PBXFileReference; lastKnownFileType = sourcecode.swift; path = ContentView.swift; sourceTree = "<group>"; };
		4CAF7BC32AE5061F000C9277 /* Assets.xcassets */ = {isa = PBXFileReference; lastKnownFileType = folder.assetcatalog; path = Assets.xcassets; sourceTree = "<group>"; };
		4CAF7BC62AE5061F000C9277 /* Preview Assets.xcassets */ = {isa = PBXFileReference; lastKnownFileType = folder.assetcatalog; path = "Preview Assets.xcassets"; sourceTree = "<group>"; };
/* End PBXFileReference section */

/* Begin PBXFrameworksBuildPhase section */
		4CAF7BB72AE5061E000C9277 /* Frameworks */ = {
			isa = PBXFrameworksBuildPhase;
			buildActionMask = 2147483647;
			files = (
			);
			runOnlyForDeploymentPostprocessing = 0;
		};
/* End PBXFrameworksBuildPhase section */

/* Begin PBXGroup section */
		4CAF7BAD2AE5061E000C9277 = {
			isa = PBXGroup;
			children = (
				4CAF7BBE2AE5061E000C9277 /* Padel Pro Watch App */,
				4CAF7BB52AE5061E000C9277 /* Products */,
			);
			sourceTree = "<group>";
		};
		4CAF7BB52AE5061E000C9277 /* Products */ = {
			isa = PBXGroup;
			children = (
				4CAF7BB42AE5061E000C9277 /* Padel Pro.app */,
				4CAF7BBA2AE5061E000C9277 /* Padel Pro Watch App.app */,
			);
			name = Products;
			sourceTree = "<group>";
		};
		4CAF7BBE2AE5061E000C9277 /* Padel Pro Watch App */ = {
			isa = PBXGroup;
			children = (
				4CAF7BBF2AE5061E000C9277 /* Padel_ProApp.swift */,
				4CAF7BC12AE5061E000C9277 /* ContentView.swift */,
				4CAF7BC32AE5061F000C9277 /* Assets.xcassets */,
				4CAF7BC52AE5061F000C9277 /* Preview Content */,
			);
			path = "Padel Pro Watch App";
			sourceTree = "<group>";
		};
		4CAF7BC52AE5061F000C9277 /* Preview Content */ = {
			isa = PBXGroup;
			children = (
				4CAF7BC62AE5061F000C9277 /* Preview Assets.xcassets */,
			);
			path = "Preview Content";
			sourceTree = "<group>";
		};
/* End PBXGroup section */

/* Begin PBXNativeTarget section */
		4CAF7BB32AE5061E000C9277 /* Padel Pro */ = {
			isa = PBXNativeTarget;
			buildConfigurationList = 4CAF7BCE2AE5061F000C9277 /* Build configuration list for PBXNativeTarget "Padel Pro" */;
			buildPhases = (
				4CAF7BB22AE5061E000C9277 /* Resources */,
				4CAF7BCD2AE5061F000C9277 /* Embed Watch Content */,
			);
			buildRules = (
			);
			dependencies = (
				4CAF7BBD2AE5061E000C9277 /* PBXTargetDependency */,
			);
			name = "Padel Pro";
			productName = "Padel Pro";
			productReference = 4CAF7BB42AE5061E000C9277 /* Padel Pro.app */;
			productType = "com.apple.product-type.application.watchapp2-container";
		};
		4CAF7BB92AE5061E000C9277 /* Padel Pro Watch App */ = {
			isa = PBXNativeTarget;
			buildConfigurationList = 4CAF7BCA2AE5061F000C9277 /* Build configuration list for PBXNativeTarget "Padel Pro Watch App" */;
			buildPhases = (
				4CAF7BB62AE5061E000C9277 /* Sources */,
				4CAF7BB72AE5061E000C9277 /* Frameworks */,
				4CAF7BB82AE5061E000C9277 /* Resources */,
			);
			buildRules = (
			);
			dependencies = (
			);
			name = "Padel Pro Watch App";
			productName = "Padel Pro Watch App";
			productReference = 4CAF7BBA2AE5061E000C9277 /* Padel Pro Watch App.app */;
			productType = "com.apple.product-type.application";
		};
/* End PBXNativeTarget section */

/* Begin PBXProject section */
		4CAF7BAE2AE5061E000C9277 /* Project object */ = {
			isa = PBXProject;
			attributes = {
				BuildIndependentTargetsInParallel = 1;
				LastSwiftUpdateCheck = 1500;
				LastUpgradeCheck = 1500;
				TargetAttributes = {
					4CAF7BB32AE5061E000C9277 = {
						CreatedOnToolsVersion = 15.0.1;
					};
					4CAF7BB92AE5061E000C9277 = {
						CreatedOnToolsVersion = 15.0.1;
					};
				};
			};
			buildConfigurationList = 4CAF7BB12AE5061E000C9277 /* Build configuration list for PBXProject "Padel Pro" */;
			compatibilityVersion = "Xcode 14.0";
			developmentRegion = en;
			hasScannedForEncodings = 0;
			knownRegions = (
				en,
				Base,
			);
			mainGroup = 4CAF7BAD2AE5061E000C9277;
			productRefGroup = 4CAF7BB52AE5061E000C9277 /* Products */;
			projectDirPath = "";
			projectRoot = "";
			targets = (
				4CAF7BB32AE5061E000C9277 /* Padel Pro */,
				4CAF7BB92AE5061E000C9277 /* Padel Pro Watch App */,
			);
		};
/* End PBXProject section */

/* Begin PBXResourcesBuildPhase section */
		4CAF7BB22AE5061E000C9277 /* Resources */ = {
			isa = PBXResourcesBuildPhase;
			buildActionMask = 2147483647;
			files = (
			);
			runOnlyForDeploymentPostprocessing = 0;
		};
		4CAF7BB82AE5061E000C9277 /* Resources */ = {
			isa = PBXResourcesBuildPhase;
			buildActionMask = 2147483647;
			files = (
				4CAF7BC72AE5061F000C9277 /* Preview Assets.xcassets in Resources */,
				4CAF7BC42AE5061F000C9277 /* Assets.xcassets in Resources */,
			);
			runOnlyForDeploymentPostprocessing = 0;
		};
/* End PBXResourcesBuildPhase section */

/* Begin PBXSourcesBuildPhase section */
		4CAF7BB62AE5061E000C9277 /* Sources */ = {
			isa = PBXSourcesBuildPhase;
			buildActionMask = 2147483647;
			files = (
				4CAF7BC22AE5061E000C9277 /* ContentView.swift in Sources */,
				4CAF7BC02AE5061E000C9277 /* Padel_ProApp.swift in Sources */,
			);
			runOnlyForDeploymentPostprocessing = 0;
		};
/* End PBXSourcesBuildPhase section */

/* Begin PBXTargetDependency section */
		4CAF7BBD2AE5061E000C9277 /* PBXTargetDependency */ = {
			isa = PBXTargetDependency;
			target = 4CAF7BB92AE5061E000C9277 /* Padel Pro Watch App */;
			targetProxy = 4CAF7BBC2AE5061E000C9277 /* PBXContainerItemProxy */;
		};
/* End PBXTargetDependency section */

/* Begin XCBuildConfiguration section */
		4CAF7BC82AE5061F000C9277 /* Debug */ = {
			isa = XCBuildConfiguration;
			buildSettings = {
				ALWAYS_SEARCH_USER_PATHS = NO;
				ASSETCATALOG_COMPILER_GENERATE_SWIFT_ASSET_SYMBOL_EXTENSIONS = YES;
				CLANG_ANALYZER_NONNULL = YES;
				CLANG_ANALYZER_NUMBER_OBJECT_CONVERSION = YES_AGGRESSIVE;
				CLANG_CXX_LANGUAGE_STANDARD = "gnu++20";
				CLANG_ENABLE_MODULES = YES;
				CLANG_ENABLE_OBJC_ARC = YES;
				CLANG_ENABLE_OBJC_WEAK = YES;
				CLANG_WARN_BLOCK_CAPTURE_AUTORELEASING = YES;
				CLANG_WARN_BOOL_CONVERSION = YES;
				CLANG_WARN_COMMA = YES;
				CLANG_WARN_CONSTANT_CONVERSION = YES;
				CLANG_WARN_DEPRECATED_OBJC_IMPLEMENTATIONS = YES;
				CLANG_WARN_DIRECT_OBJC_ISA_USAGE = YES_ERROR;
				CLANG_WARN_DOCUMENTATION_COMMENTS = YES;
				CLANG_WARN_EMPTY_BODY = YES;
				CLANG_WARN_ENUM_CONVERSION = YES;
				CLANG_WARN_INFINITE_RECURSION = YES;
				CLANG_WARN_INT_CONVERSION = YES;
				CLANG_WARN_NON_LITERAL_NULL_CONVERSION = YES;
				CLANG_WARN_OBJC_IMPLICIT_RETAIN_SELF = YES;
				CLANG_WARN_OBJC_LITERAL_CONVERSION = YES;
				CLANG_WARN_OBJC_ROOT_CLASS = YES_ERROR;
				CLANG_WARN_QUOTED_INCLUDE_IN_FRAMEWORK_HEADER = YES;
				CLANG_WARN_RANGE_LOOP_ANALYSIS = YES;
				CLANG_WARN_STRICT_PROTOTYPES = YES;
				CLANG_WARN_SUSPICIOUS_MOVE = YES;
				CLANG_WARN_UNGUARDED_AVAILABILITY = YES_AGGRESSIVE;
				CLANG_WARN_UNREACHABLE_CODE = YES;
				CLANG_WARN__DUPLICATE_METHOD_MATCH = YES;
				COPY_PHASE_STRIP = NO;
				DEBUG_INFORMATION_FORMAT = dwarf;
				ENABLE_STRICT_OBJC_MSGSEND = YES;
				ENABLE_TESTABILITY = YES;
				ENABLE_USER_SCRIPT_SANDBOXING = YES;
				GCC_C_LANGUAGE_STANDARD = gnu17;
				GCC_DYNAMIC_NO_PIC = NO;
				GCC_NO_COMMON_BLOCKS = YES;
				GCC_OPTIMIZATION_LEVEL = 0;
				GCC_PREPROCESSOR_DEFINITIONS = (
					"DEBUG=1",
					"$(inherited)",
				);
				GCC_WARN_64_TO_32_BIT_CONVERSION = YES;
				GCC_WARN_ABOUT_RETURN_TYPE = YES_ERROR;
				GCC_WARN_UNDECLARED_SELECTOR = YES;
				GCC_WARN_UNINITIALIZED_AUTOS = YES_AGGRESSIVE;
				GCC_WARN_UNUSED_FUNCTION = YES;
				GCC_WARN_UNUSED_VARIABLE = YES;
				LOCALIZATION_PREFERS_STRING_CATALOGS = YES;
				MTL_ENABLE_DEBUG_INFO = INCLUDE_SOURCE;
				MTL_FAST_MATH = YES;
				ONLY_ACTIVE_ARCH = YES;
				SWIFT_ACTIVE_COMPILATION_CONDITIONS = "DEBUG $(inherited)";
				SWIFT_OPTIMIZATION_LEVEL = "-Onone";
			};
			name = Debug;
		};
		4CAF7BC92AE5061F000C9277 /* Release */ = {
			isa = XCBuildConfiguration;
			buildSettings = {
				ALWAYS_SEARCH_USER_PATHS = NO;
				ASSETCATALOG_COMPILER_GENERATE_SWIFT_ASSET_SYMBOL_EXTENSIONS = YES;
				CLANG_ANALYZER_NONNULL = YES;
				CLANG_ANALYZER_NUMBER_OBJECT_CONVERSION = YES_AGGRESSIVE;
				CLANG_CXX_LANGUAGE_STANDARD = "gnu++20";
				CLANG_ENABLE_MODULES = YES;
				CLANG_ENABLE_OBJC_ARC = YES;
				CLANG_ENABLE_OBJC_WEAK = YES;
				CLANG_WARN_BLOCK_CAPTURE_AUTORELEASING = YES;
				CLANG_WARN_BOOL_CONVERSION = YES;
				CLANG_WARN_COMMA = YES;
				CLANG_WARN_CONSTANT_CONVERSION = YES;
				CLANG_WARN_DEPRECATED_OBJC_IMPLEMENTATIONS = YES;
				CLANG_WARN_DIRECT_OBJC_ISA_USAGE = YES_ERROR;
				CLANG_WARN_DOCUMENTATION_COMMENTS = YES;
				CLANG_WARN_EMPTY_BODY = YES;
				CLANG_WARN_ENUM_CONVERSION = YES;
				CLANG_WARN_INFINITE_RECURSION = YES;
				CLANG_WARN_INT_CONVERSION = YES;
				CLANG_WARN_NON_LITERAL_NULL_CONVERSION = YES;
				CLANG_WARN_OBJC_IMPLICIT_RETAIN_SELF = YES;
				CLANG_WARN_OBJC_LITERAL_CONVERSION = YES;
				CLANG_WARN_OBJC_ROOT_CLASS = YES_ERROR;
				CLANG_WARN_QUOTED_INCLUDE_IN_FRAMEWORK_HEADER = YES;
				CLANG_WARN_RANGE_LOOP_ANALYSIS = YES;
				CLANG_WARN_STRICT_PROTOTYPES = YES;
				CLANG_WARN_SUSPICIOUS_MOVE = YES;
				CLANG_WARN_UNGUARDED_AVAILABILITY = YES_AGGRESSIVE;
				CLANG_WARN_UNREACHABLE_CODE = YES;
				CLANG_WARN__DUPLICATE_METHOD_MATCH = YES;
				COPY_PHASE_STRIP = NO;
				DEBUG_INFORMATION_FORMAT = "dwarf-with-dsym";
				ENABLE_NS_ASSERTIONS = NO;
				ENABLE_STRICT_OBJC_MSGSEND = YES;
				ENABLE_USER_SCRIPT_SANDBOXING = YES;
				GCC_C_LANGUAGE_STANDARD = gnu17;
				GCC_NO_COMMON_BLOCKS = YES;
				GCC_WARN_64_TO_32_BIT_CONVERSION = YES;
				GCC_WARN_ABOUT_RETURN_TYPE = YES_ERROR;
				GCC_WARN_UNDECLARED_SELECTOR = YES;
				GCC_WARN_UNINITIALIZED_AUTOS = YES_AGGRESSIVE;
				GCC_WARN_UNUSED_FUNCTION = YES;
				GCC_WARN_UNUSED_VARIABLE = YES;
				LOCALIZATION_PREFERS_STRING_CATALOGS = YES;
				MTL_ENABLE_DEBUG_INFO = NO;
				MTL_FAST_MATH = YES;
				SWIFT_COMPILATION_MODE = wholemodule;
			};
			name = Release;
		};
		4CAF7BCB2AE5061F000C9277 /* Debug */ = {
			isa = XCBuildConfiguration;
			buildSettings = {
				ASSETCATALOG_COMPILER_APPICON_NAME = AppIcon;
				ASSETCATALOG_COMPILER_GLOBAL_ACCENT_COLOR_NAME = AccentColor;
				CODE_SIGN_STYLE = Automatic;
				CURRENT_PROJECT_VERSION = 1;
				DEVELOPMENT_ASSET_PATHS = "\"Padel Pro Watch App/Preview Content\"";
				DEVELOPMENT_TEAM = T2HL3ZXJQU;
				ENABLE_PREVIEWS = YES;
				GENERATE_INFOPLIST_FILE = YES;
				INFOPLIST_KEY_CFBundleDisplayName = "Padel Pro";
				INFOPLIST_KEY_UISupportedInterfaceOrientations = "UIInterfaceOrientationPortrait UIInterfaceOrientationPortraitUpsideDown";
				INFOPLIST_KEY_WKWatchOnly = YES;
				LD_RUNPATH_SEARCH_PATHS = (
					"$(inherited)",
					"@executable_path/Frameworks",
				);
				MARKETING_VERSION = 1.0;
				PRODUCT_BUNDLE_IDENTIFIER = "com.gmail.kajatin.roland.Padel-Pro.watchkitapp";
				PRODUCT_NAME = "$(TARGET_NAME)";
				SDKROOT = watchos;
				SKIP_INSTALL = YES;
				SWIFT_EMIT_LOC_STRINGS = YES;
				SWIFT_VERSION = 5.0;
				TARGETED_DEVICE_FAMILY = 4;
				WATCHOS_DEPLOYMENT_TARGET = 10.0;
			};
			name = Debug;
		};
		4CAF7BCC2AE5061F000C9277 /* Release */ = {
			isa = XCBuildConfiguration;
			buildSettings = {
				ASSETCATALOG_COMPILER_APPICON_NAME = AppIcon;
				ASSETCATALOG_COMPILER_GLOBAL_ACCENT_COLOR_NAME = AccentColor;
				CODE_SIGN_STYLE = Automatic;
				CURRENT_PROJECT_VERSION = 1;
				DEVELOPMENT_ASSET_PATHS = "\"Padel Pro Watch App/Preview Content\"";
				DEVELOPMENT_TEAM = T2HL3ZXJQU;
				ENABLE_PREVIEWS = YES;
				GENERATE_INFOPLIST_FILE = YES;
				INFOPLIST_KEY_CFBundleDisplayName = "Padel Pro";
				INFOPLIST_KEY_UISupportedInterfaceOrientations = "UIInterfaceOrientationPortrait UIInterfaceOrientationPortraitUpsideDown";
				INFOPLIST_KEY_WKWatchOnly = YES;
				LD_RUNPATH_SEARCH_PATHS = (
					"$(inherited)",
					"@executable_path/Frameworks",
				);
				MARKETING_VERSION = 1.0;
				PRODUCT_BUNDLE_IDENTIFIER = "com.gmail.kajatin.roland.Padel-Pro.watchkitapp";
				PRODUCT_NAME = "$(TARGET_NAME)";
				SDKROOT = watchos;
				SKIP_INSTALL = YES;
				SWIFT_EMIT_LOC_STRINGS = YES;
				SWIFT_VERSION = 5.0;
				TARGETED_DEVICE_FAMILY = 4;
				VALIDATE_PRODUCT = YES;
				WATCHOS_DEPLOYMENT_TARGET = 10.0;
			};
			name = Release;
		};
		4CAF7BCF2AE5061F000C9277 /* Debug */ = {
			isa = XCBuildConfiguration;
			buildSettings = {
				ALWAYS_EMBED_SWIFT_STANDARD_LIBRARIES = YES;
				CODE_SIGN_STYLE = Automatic;
				CURRENT_PROJECT_VERSION = 1;
				DEVELOPMENT_TEAM = T2HL3ZXJQU;
				INFOPLIST_KEY_CFBundleDisplayName = "Padel Pro";
				MARKETING_VERSION = 1.0;
				PRODUCT_BUNDLE_IDENTIFIER = "com.gmail.kajatin.roland.Padel-Pro";
				PRODUCT_NAME = "$(TARGET_NAME)";
				SDKROOT = iphoneos;
				SWIFT_VERSION = 5.0;
			};
			name = Debug;
		};
		4CAF7BD02AE5061F000C9277 /* Release */ = {
			isa = XCBuildConfiguration;
			buildSettings = {
				ALWAYS_EMBED_SWIFT_STANDARD_LIBRARIES = YES;
				CODE_SIGN_STYLE = Automatic;
				CURRENT_PROJECT_VERSION = 1;
				DEVELOPMENT_TEAM = T2HL3ZXJQU;
				INFOPLIST_KEY_CFBundleDisplayName = "Padel Pro";
				MARKETING_VERSION = 1.0;
				PRODUCT_BUNDLE_IDENTIFIER = "com.gmail.kajatin.roland.Padel-Pro";
				PRODUCT_NAME = "$(TARGET_NAME)";
				SDKROOT = iphoneos;
				SWIFT_VERSION = 5.0;
				VALIDATE_PRODUCT = YES;
			};
			name = Release;
		};
/* End XCBuildConfiguration section */

/* Begin XCConfigurationList section */
		4CAF7BB12AE5061E000C9277 /* Build configuration list for PBXProject "Padel Pro" */ = {
			isa = XCConfigurationList;
			buildConfigurations = (
				4CAF7BC82AE5061F000C9277 /* Debug */,
				4CAF7BC92AE5061F000C9277 /* Release */,
			);
			defaultConfigurationIsVisible = 0;
			defaultConfigurationName = Release;
		};
		4CAF7BCA2AE5061F000C9277 /* Build configuration list for PBXNativeTarget "Padel Pro Watch App" */ = {
			isa = XCConfigurationList;
			buildConfigurations = (
				4CAF7BCB2AE5061F000C9277 /* Debug */,
				4CAF7BCC2AE5061F000C9277 /* Release */,
			);
			defaultConfigurationIsVisible = 0;
			defaultConfigurationName = Release;
		};
		4CAF7BCE2AE5061F000C9277 /* Build configuration list for PBXNativeTarget "Padel Pro" */ = {
			isa = XCConfigurationList;
			buildConfigurations = (
				4CAF7BCF2AE5061F000C9277 /* Debug */,
				4CAF7BD02AE5061F000C9277 /* Release */,
			);
			defaultConfigurationIsVisible = 0;
			defaultConfigurationName = Release;
		};
/* End XCConfigurationList section */
	};
	rootObject = 4CAF7BAE2AE5061E000C9277 /* Project object */;
}
