// !$*UTF8*$!
{
	archiveVersion = 1;
	classes = {
	};
	objectVersion = 56;
	objects = {

/* Begin PBXBuildFile section */
		4CAF7BBB2AE5061E000C9277 /* Padel Pro Watch App.app in Embed Watch Content */ = {isa = PBXBuildFile; fileRef = 4CAF7BBA2AE5061E000C9277 /* Padel Pro Watch App.app */; settings = {ATTRIBUTES = (RemoveHeadersOnCopy, ); }; };
		4CAF7BC02AE5061E000C9277 /* Padel_ProApp.swift in Sources */ = {isa = PBXBuildFile; fileRef = 4CAF7BBF2AE5061E000C9277 /* Padel_ProApp.swift */; };
		4CAF7BC22AE5061E000C9277 /* ContentView.swift in Sources */ = {isa = PBXBuildFile; fileRef = 4CAF7BC12AE5061E000C9277 /* ContentView.swift */; };
		4CAF7BC42AE5061F000C9277 /* Assets.xcassets in Resources */ = {isa = PBXBuildFile; fileRef = 4CAF7BC32AE5061F000C9277 /* Assets.xcassets */; };
		4CAF7BC72AE5061F000C9277 /* Preview Assets.xcassets in Resources */ = {isa = PBXBuildFile; fileRef = 4CAF7BC62AE5061F000C9277 /* Preview Assets.xcassets */; };
		4CAF7BD82AE506C5000C9277 /* ElapsedTimeView.swift in Sources */ = {isa = PBXBuildFile; fileRef = 4CAF7BD72AE506C5000C9277 /* ElapsedTimeView.swift */; };
		4CAF7BDA2AE506DB000C9277 /* PulsingHeart.swift in Sources */ = {isa = PBXBuildFile; fileRef = 4CAF7BD92AE506DB000C9277 /* PulsingHeart.swift */; };
		4CAF7BDC2AE506F2000C9277 /* SessionData.swift in Sources */ = {isa = PBXBuildFile; fileRef = 4CAF7BDB2AE506F2000C9277 /* SessionData.swift */; };
		4CAF7BDE2AE50705000C9277 /* SessionManager.swift in Sources */ = {isa = PBXBuildFile; fileRef = 4CAF7BDD2AE50705000C9277 /* SessionManager.swift */; };
		4CAF7BE02AE50716000C9277 /* WorkoutManager.swift in Sources */ = {isa = PBXBuildFile; fileRef = 4CAF7BDF2AE50716000C9277 /* WorkoutManager.swift */; };
		4CAF7BE22AE50727000C9277 /* WorkoutManager+watchOS.swift in Sources */ = {isa = PBXBuildFile; fileRef = 4CAF7BE12AE50727000C9277 /* WorkoutManager+watchOS.swift */; };
		4CAF7BE42AE50737000C9277 /* WorkoutManager+Statistics.swift in Sources */ = {isa = PBXBuildFile; fileRef = 4CAF7BE32AE50737000C9277 /* WorkoutManager+Statistics.swift */; };
		4CAF7BE62AE50749000C9277 /* LoggerExtension.swift in Sources */ = {isa = PBXBuildFile; fileRef = 4CAF7BE52AE50749000C9277 /* LoggerExtension.swift */; };
		4CAF7BE82AE50759000C9277 /* LiveActivityTimelineSchedule.swift in Sources */ = {isa = PBXBuildFile; fileRef = 4CAF7BE72AE50759000C9277 /* LiveActivityTimelineSchedule.swift */; };
		4CAF7BEC2AE5077C000C9277 /* Home.swift in Sources */ = {isa = PBXBuildFile; fileRef = 4CAF7BEB2AE5077C000C9277 /* Home.swift */; };
		4CAF7BEE2AE50787000C9277 /* Teams.swift in Sources */ = {isa = PBXBuildFile; fileRef = 4CAF7BED2AE50787000C9277 /* Teams.swift */; };
		4CAF7BF02AE50794000C9277 /* Start.swift in Sources */ = {isa = PBXBuildFile; fileRef = 4CAF7BEF2AE50794000C9277 /* Start.swift */; };
		4CAF7BF22AE507A3000C9277 /* Bubble.swift in Sources */ = {isa = PBXBuildFile; fileRef = 4CAF7BF12AE507A3000C9277 /* Bubble.swift */; };
		4CAF7BF42AE507B6000C9277 /* WorkoutTabView.swift in Sources */ = {isa = PBXBuildFile; fileRef = 4CAF7BF32AE507B6000C9277 /* WorkoutTabView.swift */; };
		4CAF7BF62AE507BF000C9277 /* Controls.swift in Sources */ = {isa = PBXBuildFile; fileRef = 4CAF7BF52AE507BF000C9277 /* Controls.swift */; };
		4CAF7BF82AE507CC000C9277 /* LiveActivity.swift in Sources */ = {isa = PBXBuildFile; fileRef = 4CAF7BF72AE507CC000C9277 /* LiveActivity.swift */; };
		4CAF7BFA2AE507D8000C9277 /* LiveScore.swift in Sources */ = {isa = PBXBuildFile; fileRef = 4CAF7BF92AE507D8000C9277 /* LiveScore.swift */; };
		4CAF7BFC2AE507E5000C9277 /* Summary.swift in Sources */ = {isa = PBXBuildFile; fileRef = 4CAF7BFB2AE507E5000C9277 /* Summary.swift */; };
		4CAF7BFE2AE507F0000C9277 /* ActivityRings.swift in Sources */ = {isa = PBXBuildFile; fileRef = 4CAF7BFD2AE507F0000C9277 /* ActivityRings.swift */; };
/* End PBXBuildFile section */

/* Begin PBXContainerItemProxy section */
		4CAF7BBC2AE5061E000C9277 /* PBXContainerItemProxy */ = {
			isa = PBXContainerItemProxy;
			containerPortal = 4CAF7BAE2AE5061E000C9277 /* Project object */;
			proxyType = 1;
			remoteGlobalIDString = 4CAF7BB92AE5061E000C9277;
			remoteInfo = "Padel Pro Watch App";
		};
/* End PBXContainerItemProxy section */

/* Begin PBXCopyFilesBuildPhase section */
		4CAF7BCD2AE5061F000C9277 /* Embed Watch Content */ = {
			isa = PBXCopyFilesBuildPhase;
			buildActionMask = 2147483647;
			dstPath = "$(CONTENTS_FOLDER_PATH)/Watch";
			dstSubfolderSpec = 16;
			files = (
				4CAF7BBB2AE5061E000C9277 /* Padel Pro Watch App.app in Embed Watch Content */,
			);
			name = "Embed Watch Content";
			runOnlyForDeploymentPostprocessing = 0;
		};
/* End PBXCopyFilesBuildPhase section */

/* Begin PBXFileReference section */
		4CAF7BB42AE5061E000C9277 /* Padel Pro.app */ = {isa = PBXFileReference; explicitFileType = wrapper.application; includeInIndex = 0; path = "Padel Pro.app"; sourceTree = BUILT_PRODUCTS_DIR; };
		4CAF7BBA2AE5061E000C9277 /* Padel Pro Watch App.app */ = {isa = PBXFileReference; explicitFileType = wrapper.application; includeInIndex = 0; path = "Padel Pro Watch App.app"; sourceTree = BUILT_PRODUCTS_DIR; };
		4CAF7BBF2AE5061E000C9277 /* Padel_ProApp.swift */ = {isa = PBXFileReference; lastKnownFileType = sourcecode.swift; path = Padel_ProApp.swift; sourceTree = "<group>"; };
		4CAF7BC12AE5061E000C9277 /* ContentView.swift */ = {isa = PBXFileReference; lastKnownFileType = sourcecode.swift; path = ContentView.swift; sourceTree = "<group>"; };
		4CAF7BC32AE5061F000C9277 /* Assets.xcassets */ = {isa = PBXFileReference; lastKnownFileType = folder.assetcatalog; path = Assets.xcassets; sourceTree = "<group>"; };
		4CAF7BC62AE5061F000C9277 /* Preview Assets.xcassets */ = {isa = PBXFileReference; lastKnownFileType = folder.assetcatalog; path = "Preview Assets.xcassets"; sourceTree = "<group>"; };
		4CAF7BD12AE50642000C9277 /* Padel Pro Watch App.entitlements */ = {isa = PBXFileReference; lastKnownFileType = text.plist.entitlements; path = "Padel Pro Watch App.entitlements"; sourceTree = "<group>"; };
		4CAF7BD22AE50644000C9277 /* Padel-Pro-Watch-App-Info.plist */ = {isa = PBXFileReference; lastKnownFileType = text.plist; path = "Padel-Pro-Watch-App-Info.plist"; sourceTree = SOURCE_ROOT; };
		4CAF7BD72AE506C5000C9277 /* ElapsedTimeView.swift */ = {isa = PBXFileReference; lastKnownFileType = sourcecode.swift; path = ElapsedTimeView.swift; sourceTree = "<group>"; };
		4CAF7BD92AE506DB000C9277 /* PulsingHeart.swift */ = {isa = PBXFileReference; lastKnownFileType = sourcecode.swift; path = PulsingHeart.swift; sourceTree = "<group>"; };
		4CAF7BDB2AE506F2000C9277 /* SessionData.swift */ = {isa = PBXFileReference; lastKnownFileType = sourcecode.swift; path = SessionData.swift; sourceTree = "<group>"; };
		4CAF7BDD2AE50705000C9277 /* SessionManager.swift */ = {isa = PBXFileReference; lastKnownFileType = sourcecode.swift; path = SessionManager.swift; sourceTree = "<group>"; };
		4CAF7BDF2AE50716000C9277 /* WorkoutManager.swift */ = {isa = PBXFileReference; lastKnownFileType = sourcecode.swift; path = WorkoutManager.swift; sourceTree = "<group>"; };
		4CAF7BE12AE50727000C9277 /* WorkoutManager+watchOS.swift */ = {isa = PBXFileReference; lastKnownFileType = sourcecode.swift; path = "WorkoutManager+watchOS.swift"; sourceTree = "<group>"; };
		4CAF7BE32AE50737000C9277 /* WorkoutManager+Statistics.swift */ = {isa = PBXFileReference; lastKnownFileType = sourcecode.swift; path = "WorkoutManager+Statistics.swift"; sourceTree = "<group>"; };
		4CAF7BE52AE50749000C9277 /* LoggerExtension.swift */ = {isa = PBXFileReference; lastKnownFileType = sourcecode.swift; path = LoggerExtension.swift; sourceTree = "<group>"; };
		4CAF7BE72AE50759000C9277 /* LiveActivityTimelineSchedule.swift */ = {isa = PBXFileReference; lastKnownFileType = sourcecode.swift; path = LiveActivityTimelineSchedule.swift; sourceTree = "<group>"; };
		4CAF7BEB2AE5077C000C9277 /* Home.swift */ = {isa = PBXFileReference; lastKnownFileType = sourcecode.swift; path = Home.swift; sourceTree = "<group>"; };
		4CAF7BED2AE50787000C9277 /* Teams.swift */ = {isa = PBXFileReference; lastKnownFileType = sourcecode.swift; path = Teams.swift; sourceTree = "<group>"; };
		4CAF7BEF2AE50794000C9277 /* Start.swift */ = {isa = PBXFileReference; lastKnownFileType = sourcecode.swift; path = Start.swift; sourceTree = "<group>"; };
		4CAF7BF12AE507A3000C9277 /* Bubble.swift */ = {isa = PBXFileReference; lastKnownFileType = sourcecode.swift; path = Bubble.swift; sourceTree = "<group>"; };
		4CAF7BF32AE507B6000C9277 /* WorkoutTabView.swift */ = {isa = PBXFileReference; lastKnownFileType = sourcecode.swift; path = WorkoutTabView.swift; sourceTree = "<group>"; };
		4CAF7BF52AE507BF000C9277 /* Controls.swift */ = {isa = PBXFileReference; lastKnownFileType = sourcecode.swift; path = Controls.swift; sourceTree = "<group>"; };
		4CAF7BF72AE507CC000C9277 /* LiveActivity.swift */ = {isa = PBXFileReference; lastKnownFileType = sourcecode.swift; path = LiveActivity.swift; sourceTree = "<group>"; };
		4CAF7BF92AE507D8000C9277 /* LiveScore.swift */ = {isa = PBXFileReference; lastKnownFileType = sourcecode.swift; path = LiveScore.swift; sourceTree = "<group>"; };
		4CAF7BFB2AE507E5000C9277 /* Summary.swift */ = {isa = PBXFileReference; lastKnownFileType = sourcecode.swift; path = Summary.swift; sourceTree = "<group>"; };
		4CAF7BFD2AE507F0000C9277 /* ActivityRings.swift */ = {isa = PBXFileReference; lastKnownFileType = sourcecode.swift; path = ActivityRings.swift; sourceTree = "<group>"; };
/* End PBXFileReference section */

/* Begin PBXFrameworksBuildPhase section */
		4CAF7BB72AE5061E000C9277 /* Frameworks */ = {
			isa = PBXFrameworksBuildPhase;
			buildActionMask = 2147483647;
			files = (
			);
			runOnlyForDeploymentPostprocessing = 0;
		};
/* End PBXFrameworksBuildPhase section */

/* Begin PBXGroup section */
		4CAF7BAD2AE5061E000C9277 = {
			isa = PBXGroup;
			children = (
				4CAF7BD32AE506A8000C9277 /* Shared */,
				4CAF7BBE2AE5061E000C9277 /* Padel Pro Watch App */,
				4CAF7BB52AE5061E000C9277 /* Products */,
			);
			sourceTree = "<group>";
		};
		4CAF7BB52AE5061E000C9277 /* Products */ = {
			isa = PBXGroup;
			children = (
				4CAF7BB42AE5061E000C9277 /* Padel Pro.app */,
				4CAF7BBA2AE5061E000C9277 /* Padel Pro Watch App.app */,
			);
			name = Products;
			sourceTree = "<group>";
		};
		4CAF7BBE2AE5061E000C9277 /* Padel Pro Watch App */ = {
			isa = PBXGroup;
			children = (
				4CAF7BEA2AE50774000C9277 /* Home */,
				4CAF7BE92AE5076F000C9277 /* Workout */,
				4CAF7BD22AE50644000C9277 /* Padel-Pro-Watch-App-Info.plist */,
				4CAF7BD12AE50642000C9277 /* Padel Pro Watch App.entitlements */,
				4CAF7BBF2AE5061E000C9277 /* Padel_ProApp.swift */,
				4CAF7BC12AE5061E000C9277 /* ContentView.swift */,
				4CAF7BC32AE5061F000C9277 /* Assets.xcassets */,
				4CAF7BC52AE5061F000C9277 /* Preview Content */,
			);
			path = "Padel Pro Watch App";
			sourceTree = "<group>";
		};
		4CAF7BC52AE5061F000C9277 /* Preview Content */ = {
			isa = PBXGroup;
			children = (
				4CAF7BC62AE5061F000C9277 /* Preview Assets.xcassets */,
			);
			path = "Preview Content";
			sourceTree = "<group>";
		};
		4CAF7BD32AE506A8000C9277 /* Shared */ = {
			isa = PBXGroup;
			children = (
				4CAF7BD62AE506B8000C9277 /* Views */,
				4CAF7BD52AE506B4000C9277 /* Session */,
				4CAF7BD42AE506B0000C9277 /* Workout */,
				4CAF7BE52AE50749000C9277 /* LoggerExtension.swift */,
				4CAF7BE72AE50759000C9277 /* LiveActivityTimelineSchedule.swift */,
			);
			path = Shared;
			sourceTree = "<group>";
		};
		4CAF7BD42AE506B0000C9277 /* Workout */ = {
			isa = PBXGroup;
			children = (
				4CAF7BDF2AE50716000C9277 /* WorkoutManager.swift */,
				4CAF7BE12AE50727000C9277 /* WorkoutManager+watchOS.swift */,
				4CAF7BE32AE50737000C9277 /* WorkoutManager+Statistics.swift */,
			);
			path = Workout;
			sourceTree = "<group>";
		};
		4CAF7BD52AE506B4000C9277 /* Session */ = {
			isa = PBXGroup;
			children = (
				4CAF7BDB2AE506F2000C9277 /* SessionData.swift */,
				4CAF7BDD2AE50705000C9277 /* SessionManager.swift */,
			);
			path = Session;
			sourceTree = "<group>";
		};
		4CAF7BD62AE506B8000C9277 /* Views */ = {
			isa = PBXGroup;
			children = (
				4CAF7BD72AE506C5000C9277 /* ElapsedTimeView.swift */,
				4CAF7BD92AE506DB000C9277 /* PulsingHeart.swift */,
			);
			path = Views;
			sourceTree = "<group>";
		};
		4CAF7BE92AE5076F000C9277 /* Workout */ = {
			isa = PBXGroup;
			children = (
				4CAF7BF32AE507B6000C9277 /* WorkoutTabView.swift */,
				4CAF7BF52AE507BF000C9277 /* Controls.swift */,
				4CAF7BF72AE507CC000C9277 /* LiveActivity.swift */,
				4CAF7BF92AE507D8000C9277 /* LiveScore.swift */,
				4CAF7BFB2AE507E5000C9277 /* Summary.swift */,
				4CAF7BFD2AE507F0000C9277 /* ActivityRings.swift */,
			);
			path = Workout;
			sourceTree = "<group>";
		};
		4CAF7BEA2AE50774000C9277 /* Home */ = {
			isa = PBXGroup;
			children = (
				4CAF7BEB2AE5077C000C9277 /* Home.swift */,
				4CAF7BED2AE50787000C9277 /* Teams.swift */,
				4CAF7BEF2AE50794000C9277 /* Start.swift */,
				4CAF7BF12AE507A3000C9277 /* Bubble.swift */,
			);
			path = Home;
			sourceTree = "<group>";
		};
/* End PBXGroup section */

/* Begin PBXNativeTarget section */
		4CAF7BB32AE5061E000C9277 /* Padel Pro */ = {
			isa = PBXNativeTarget;
			buildConfigurationList = 4CAF7BCE2AE5061F000C9277 /* Build configuration list for PBXNativeTarget "Padel Pro" */;
			buildPhases = (
				4CAF7BB22AE5061E000C9277 /* Resources */,
				4CAF7BCD2AE5061F000C9277 /* Embed Watch Content */,
			);
			buildRules = (
			);
			dependencies = (
				4CAF7BBD2AE5061E000C9277 /* PBXTargetDependency */,
			);
			name = "Padel Pro";
			productName = "Padel Pro";
			productReference = 4CAF7BB42AE5061E000C9277 /* Padel Pro.app */;
			productType = "com.apple.product-type.application.watchapp2-container";
		};
		4CAF7BB92AE5061E000C9277 /* Padel Pro Watch App */ = {
			isa = PBXNativeTarget;
			buildConfigurationList = 4CAF7BCA2AE5061F000C9277 /* Build configuration list for PBXNativeTarget "Padel Pro Watch App" */;
			buildPhases = (
				4CAF7BB62AE5061E000C9277 /* Sources */,
				4CAF7BB72AE5061E000C9277 /* Frameworks */,
				4CAF7BB82AE5061E000C9277 /* Resources */,
			);
			buildRules = (
			);
			dependencies = (
			);
			name = "Padel Pro Watch App";
			productName = "Padel Pro Watch App";
			productReference = 4CAF7BBA2AE5061E000C9277 /* Padel Pro Watch App.app */;
			productType = "com.apple.product-type.application";
		};
/* End PBXNativeTarget section */

/* Begin PBXProject section */
		4CAF7BAE2AE5061E000C9277 /* Project object */ = {
			isa = PBXProject;
			attributes = {
				BuildIndependentTargetsInParallel = 1;
				LastSwiftUpdateCheck = 1500;
				LastUpgradeCheck = 1500;
				TargetAttributes = {
					4CAF7BB32AE5061E000C9277 = {
						CreatedOnToolsVersion = 15.0.1;
					};
					4CAF7BB92AE5061E000C9277 = {
						CreatedOnToolsVersion = 15.0.1;
					};
				};
			};
			buildConfigurationList = 4CAF7BB12AE5061E000C9277 /* Build configuration list for PBXProject "Padel Pro" */;
			compatibilityVersion = "Xcode 14.0";
			developmentRegion = en;
			hasScannedForEncodings = 0;
			knownRegions = (
				en,
				Base,
			);
			mainGroup = 4CAF7BAD2AE5061E000C9277;
			productRefGroup = 4CAF7BB52AE5061E000C9277 /* Products */;
			projectDirPath = "";
			projectRoot = "";
			targets = (
				4CAF7BB32AE5061E000C9277 /* Padel Pro */,
				4CAF7BB92AE5061E000C9277 /* Padel Pro Watch App */,
			);
		};
/* End PBXProject section */

/* Begin PBXResourcesBuildPhase section */
		4CAF7BB22AE5061E000C9277 /* Resources */ = {
			isa = PBXResourcesBuildPhase;
			buildActionMask = 2147483647;
			files = (
			);
			runOnlyForDeploymentPostprocessing = 0;
		};
		4CAF7BB82AE5061E000C9277 /* Resources */ = {
			isa = PBXResourcesBuildPhase;
			buildActionMask = 2147483647;
			files = (
				4CAF7BC72AE5061F000C9277 /* Preview Assets.xcassets in Resources */,
				4CAF7BC42AE5061F000C9277 /* Assets.xcassets in Resources */,
			);
			runOnlyForDeploymentPostprocessing = 0;
		};
/* End PBXResourcesBuildPhase section */

/* Begin PBXSourcesBuildPhase section */
		4CAF7BB62AE5061E000C9277 /* Sources */ = {
			isa = PBXSourcesBuildPhase;
			buildActionMask = 2147483647;
			files = (
				4CAF7BC22AE5061E000C9277 /* ContentView.swift in Sources */,
				4CAF7BF22AE507A3000C9277 /* Bubble.swift in Sources */,
				4CAF7BE62AE50749000C9277 /* LoggerExtension.swift in Sources */,
				4CAF7BF02AE50794000C9277 /* Start.swift in Sources */,
				4CAF7BF82AE507CC000C9277 /* LiveActivity.swift in Sources */,
				4CAF7BE82AE50759000C9277 /* LiveActivityTimelineSchedule.swift in Sources */,
				4CAF7BFE2AE507F0000C9277 /* ActivityRings.swift in Sources */,
				4CAF7BFC2AE507E5000C9277 /* Summary.swift in Sources */,
				4CAF7BE22AE50727000C9277 /* WorkoutManager+watchOS.swift in Sources */,
				4CAF7BE02AE50716000C9277 /* WorkoutManager.swift in Sources */,
				4CAF7BDC2AE506F2000C9277 /* SessionData.swift in Sources */,
				4CAF7BFA2AE507D8000C9277 /* LiveScore.swift in Sources */,
				4CAF7BDE2AE50705000C9277 /* SessionManager.swift in Sources */,
				4CAF7BEE2AE50787000C9277 /* Teams.swift in Sources */,
				4CAF7BD82AE506C5000C9277 /* ElapsedTimeView.swift in Sources */,
				4CAF7BE42AE50737000C9277 /* WorkoutManager+Statistics.swift in Sources */,
				4CAF7BF42AE507B6000C9277 /* WorkoutTabView.swift in Sources */,
				4CAF7BC02AE5061E000C9277 /* Padel_ProApp.swift in Sources */,
				4CAF7BEC2AE5077C000C9277 /* Home.swift in Sources */,
				4CAF7BF62AE507BF000C9277 /* Controls.swift in Sources */,
				4CAF7BDA2AE506DB000C9277 /* PulsingHeart.swift in Sources */,
			);
			runOnlyForDeploymentPostprocessing = 0;
		};
/* End PBXSourcesBuildPhase section */

/* Begin PBXTargetDependency section */
		4CAF7BBD2AE5061E000C9277 /* PBXTargetDependency */ = {
			isa = PBXTargetDependency;
			target = 4CAF7BB92AE5061E000C9277 /* Padel Pro Watch App */;
			targetProxy = 4CAF7BBC2AE5061E000C9277 /* PBXContainerItemProxy */;
		};
/* End PBXTargetDependency section */

/* Begin XCBuildConfiguration section */
		4CAF7BC82AE5061F000C9277 /* Debug */ = {
			isa = XCBuildConfiguration;
			buildSettings = {
				ALWAYS_SEARCH_USER_PATHS = NO;
				ASSETCATALOG_COMPILER_GENERATE_SWIFT_ASSET_SYMBOL_EXTENSIONS = YES;
				CLANG_ANALYZER_NONNULL = YES;
				CLANG_ANALYZER_NUMBER_OBJECT_CONVERSION = YES_AGGRESSIVE;
				CLANG_CXX_LANGUAGE_STANDARD = "gnu++20";
				CLANG_ENABLE_MODULES = YES;
				CLANG_ENABLE_OBJC_ARC = YES;
				CLANG_ENABLE_OBJC_WEAK = YES;
				CLANG_WARN_BLOCK_CAPTURE_AUTORELEASING = YES;
				CLANG_WARN_BOOL_CONVERSION = YES;
				CLANG_WARN_COMMA = YES;
				CLANG_WARN_CONSTANT_CONVERSION = YES;
				CLANG_WARN_DEPRECATED_OBJC_IMPLEMENTATIONS = YES;
				CLANG_WARN_DIRECT_OBJC_ISA_USAGE = YES_ERROR;
				CLANG_WARN_DOCUMENTATION_COMMENTS = YES;
				CLANG_WARN_EMPTY_BODY = YES;
				CLANG_WARN_ENUM_CONVERSION = YES;
				CLANG_WARN_INFINITE_RECURSION = YES;
				CLANG_WARN_INT_CONVERSION = YES;
				CLANG_WARN_NON_LITERAL_NULL_CONVERSION = YES;
				CLANG_WARN_OBJC_IMPLICIT_RETAIN_SELF = YES;
				CLANG_WARN_OBJC_LITERAL_CONVERSION = YES;
				CLANG_WARN_OBJC_ROOT_CLASS = YES_ERROR;
				CLANG_WARN_QUOTED_INCLUDE_IN_FRAMEWORK_HEADER = YES;
				CLANG_WARN_RANGE_LOOP_ANALYSIS = YES;
				CLANG_WARN_STRICT_PROTOTYPES = YES;
				CLANG_WARN_SUSPICIOUS_MOVE = YES;
				CLANG_WARN_UNGUARDED_AVAILABILITY = YES_AGGRESSIVE;
				CLANG_WARN_UNREACHABLE_CODE = YES;
				CLANG_WARN__DUPLICATE_METHOD_MATCH = YES;
				COPY_PHASE_STRIP = NO;
				DEBUG_INFORMATION_FORMAT = dwarf;
				ENABLE_STRICT_OBJC_MSGSEND = YES;
				ENABLE_TESTABILITY = YES;
				ENABLE_USER_SCRIPT_SANDBOXING = YES;
				GCC_C_LANGUAGE_STANDARD = gnu17;
				GCC_DYNAMIC_NO_PIC = NO;
				GCC_NO_COMMON_BLOCKS = YES;
				GCC_OPTIMIZATION_LEVEL = 0;
				GCC_PREPROCESSOR_DEFINITIONS = (
					"DEBUG=1",
					"$(inherited)",
				);
				GCC_WARN_64_TO_32_BIT_CONVERSION = YES;
				GCC_WARN_ABOUT_RETURN_TYPE = YES_ERROR;
				GCC_WARN_UNDECLARED_SELECTOR = YES;
				GCC_WARN_UNINITIALIZED_AUTOS = YES_AGGRESSIVE;
				GCC_WARN_UNUSED_FUNCTION = YES;
				GCC_WARN_UNUSED_VARIABLE = YES;
				LOCALIZATION_PREFERS_STRING_CATALOGS = YES;
				MTL_ENABLE_DEBUG_INFO = INCLUDE_SOURCE;
				MTL_FAST_MATH = YES;
				ONLY_ACTIVE_ARCH = YES;
				SWIFT_ACTIVE_COMPILATION_CONDITIONS = "DEBUG $(inherited)";
				SWIFT_OPTIMIZATION_LEVEL = "-Onone";
			};
			name = Debug;
		};
		4CAF7BC92AE5061F000C9277 /* Release */ = {
			isa = XCBuildConfiguration;
			buildSettings = {
				ALWAYS_SEARCH_USER_PATHS = NO;
				ASSETCATALOG_COMPILER_GENERATE_SWIFT_ASSET_SYMBOL_EXTENSIONS = YES;
				CLANG_ANALYZER_NONNULL = YES;
				CLANG_ANALYZER_NUMBER_OBJECT_CONVERSION = YES_AGGRESSIVE;
				CLANG_CXX_LANGUAGE_STANDARD = "gnu++20";
				CLANG_ENABLE_MODULES = YES;
				CLANG_ENABLE_OBJC_ARC = YES;
				CLANG_ENABLE_OBJC_WEAK = YES;
				CLANG_WARN_BLOCK_CAPTURE_AUTORELEASING = YES;
				CLANG_WARN_BOOL_CONVERSION = YES;
				CLANG_WARN_COMMA = YES;
				CLANG_WARN_CONSTANT_CONVERSION = YES;
				CLANG_WARN_DEPRECATED_OBJC_IMPLEMENTATIONS = YES;
				CLANG_WARN_DIRECT_OBJC_ISA_USAGE = YES_ERROR;
				CLANG_WARN_DOCUMENTATION_COMMENTS = YES;
				CLANG_WARN_EMPTY_BODY = YES;
				CLANG_WARN_ENUM_CONVERSION = YES;
				CLANG_WARN_INFINITE_RECURSION = YES;
				CLANG_WARN_INT_CONVERSION = YES;
				CLANG_WARN_NON_LITERAL_NULL_CONVERSION = YES;
				CLANG_WARN_OBJC_IMPLICIT_RETAIN_SELF = YES;
				CLANG_WARN_OBJC_LITERAL_CONVERSION = YES;
				CLANG_WARN_OBJC_ROOT_CLASS = YES_ERROR;
				CLANG_WARN_QUOTED_INCLUDE_IN_FRAMEWORK_HEADER = YES;
				CLANG_WARN_RANGE_LOOP_ANALYSIS = YES;
				CLANG_WARN_STRICT_PROTOTYPES = YES;
				CLANG_WARN_SUSPICIOUS_MOVE = YES;
				CLANG_WARN_UNGUARDED_AVAILABILITY = YES_AGGRESSIVE;
				CLANG_WARN_UNREACHABLE_CODE = YES;
				CLANG_WARN__DUPLICATE_METHOD_MATCH = YES;
				COPY_PHASE_STRIP = NO;
				DEBUG_INFORMATION_FORMAT = "dwarf-with-dsym";
				ENABLE_NS_ASSERTIONS = NO;
				ENABLE_STRICT_OBJC_MSGSEND = YES;
				ENABLE_USER_SCRIPT_SANDBOXING = YES;
				GCC_C_LANGUAGE_STANDARD = gnu17;
				GCC_NO_COMMON_BLOCKS = YES;
				GCC_WARN_64_TO_32_BIT_CONVERSION = YES;
				GCC_WARN_ABOUT_RETURN_TYPE = YES_ERROR;
				GCC_WARN_UNDECLARED_SELECTOR = YES;
				GCC_WARN_UNINITIALIZED_AUTOS = YES_AGGRESSIVE;
				GCC_WARN_UNUSED_FUNCTION = YES;
				GCC_WARN_UNUSED_VARIABLE = YES;
				LOCALIZATION_PREFERS_STRING_CATALOGS = YES;
				MTL_ENABLE_DEBUG_INFO = NO;
				MTL_FAST_MATH = YES;
				SWIFT_COMPILATION_MODE = wholemodule;
			};
			name = Release;
		};
		4CAF7BCB2AE5061F000C9277 /* Debug */ = {
			isa = XCBuildConfiguration;
			buildSettings = {
				ASSETCATALOG_COMPILER_APPICON_NAME = AppIcon;
				ASSETCATALOG_COMPILER_GLOBAL_ACCENT_COLOR_NAME = AccentColor;
				CODE_SIGN_ENTITLEMENTS = "Padel Pro Watch App/Padel Pro Watch App.entitlements";
				CODE_SIGN_STYLE = Automatic;
				CURRENT_PROJECT_VERSION = 1;
				DEVELOPMENT_ASSET_PATHS = "\"Padel Pro Watch App/Preview Content\"";
				DEVELOPMENT_TEAM = T2HL3ZXJQU;
				ENABLE_PREVIEWS = YES;
				GENERATE_INFOPLIST_FILE = YES;
				INFOPLIST_FILE = "Padel-Pro-Watch-App-Info.plist";
				INFOPLIST_KEY_CFBundleDisplayName = "Padel Pro";
				INFOPLIST_KEY_NSHealthShareUsageDescription = "Your workout related data will be used to display statistics during active sessions in Padel Pro.";
				INFOPLIST_KEY_NSHealthUpdateUsageDescription = "Workouts tracked by Vibora on Apple Watch will be saved to HealthKit.";
				INFOPLIST_KEY_UISupportedInterfaceOrientations = "UIInterfaceOrientationPortrait UIInterfaceOrientationPortraitUpsideDown";
				INFOPLIST_KEY_WKWatchOnly = YES;
				LD_RUNPATH_SEARCH_PATHS = (
					"$(inherited)",
					"@executable_path/Frameworks",
				);
				MARKETING_VERSION = 1.0;
				PRODUCT_BUNDLE_IDENTIFIER = "com.gmail.kajatin.roland.Padel-Pro.watchkitapp";
				PRODUCT_NAME = "$(TARGET_NAME)";
				SDKROOT = watchos;
				SKIP_INSTALL = YES;
				SWIFT_EMIT_LOC_STRINGS = YES;
				SWIFT_VERSION = 5.0;
				TARGETED_DEVICE_FAMILY = 4;
				WATCHOS_DEPLOYMENT_TARGET = 10.0;
			};
			name = Debug;
		};
		4CAF7BCC2AE5061F000C9277 /* Release */ = {
			isa = XCBuildConfiguration;
			buildSettings = {
				ASSETCATALOG_COMPILER_APPICON_NAME = AppIcon;
				ASSETCATALOG_COMPILER_GLOBAL_ACCENT_COLOR_NAME = AccentColor;
				CODE_SIGN_ENTITLEMENTS = "Padel Pro Watch App/Padel Pro Watch App.entitlements";
				CODE_SIGN_STYLE = Automatic;
				CURRENT_PROJECT_VERSION = 1;
				DEVELOPMENT_ASSET_PATHS = "\"Padel Pro Watch App/Preview Content\"";
				DEVELOPMENT_TEAM = T2HL3ZXJQU;
				ENABLE_PREVIEWS = YES;
				GENERATE_INFOPLIST_FILE = YES;
				INFOPLIST_FILE = "Padel-Pro-Watch-App-Info.plist";
				INFOPLIST_KEY_CFBundleDisplayName = "Padel Pro";
				INFOPLIST_KEY_NSHealthShareUsageDescription = "Your workout related data will be used to display statistics during active sessions in Padel Pro.";
				INFOPLIST_KEY_NSHealthUpdateUsageDescription = "Workouts tracked by Vibora on Apple Watch will be saved to HealthKit.";
				INFOPLIST_KEY_UISupportedInterfaceOrientations = "UIInterfaceOrientationPortrait UIInterfaceOrientationPortraitUpsideDown";
				INFOPLIST_KEY_WKWatchOnly = YES;
				LD_RUNPATH_SEARCH_PATHS = (
					"$(inherited)",
					"@executable_path/Frameworks",
				);
				MARKETING_VERSION = 1.0;
				PRODUCT_BUNDLE_IDENTIFIER = "com.gmail.kajatin.roland.Padel-Pro.watchkitapp";
				PRODUCT_NAME = "$(TARGET_NAME)";
				SDKROOT = watchos;
				SKIP_INSTALL = YES;
				SWIFT_EMIT_LOC_STRINGS = YES;
				SWIFT_VERSION = 5.0;
				TARGETED_DEVICE_FAMILY = 4;
				VALIDATE_PRODUCT = YES;
				WATCHOS_DEPLOYMENT_TARGET = 10.0;
			};
			name = Release;
		};
		4CAF7BCF2AE5061F000C9277 /* Debug */ = {
			isa = XCBuildConfiguration;
			buildSettings = {
				ALWAYS_EMBED_SWIFT_STANDARD_LIBRARIES = YES;
				CODE_SIGN_STYLE = Automatic;
				CURRENT_PROJECT_VERSION = 1;
				DEVELOPMENT_TEAM = T2HL3ZXJQU;
				INFOPLIST_KEY_CFBundleDisplayName = "Padel Pro";
				MARKETING_VERSION = 1.0;
				PRODUCT_BUNDLE_IDENTIFIER = "com.gmail.kajatin.roland.Padel-Pro";
				PRODUCT_NAME = "$(TARGET_NAME)";
				SDKROOT = iphoneos;
				SWIFT_VERSION = 5.0;
			};
			name = Debug;
		};
		4CAF7BD02AE5061F000C9277 /* Release */ = {
			isa = XCBuildConfiguration;
			buildSettings = {
				ALWAYS_EMBED_SWIFT_STANDARD_LIBRARIES = YES;
				CODE_SIGN_STYLE = Automatic;
				CURRENT_PROJECT_VERSION = 1;
				DEVELOPMENT_TEAM = T2HL3ZXJQU;
				INFOPLIST_KEY_CFBundleDisplayName = "Padel Pro";
				MARKETING_VERSION = 1.0;
				PRODUCT_BUNDLE_IDENTIFIER = "com.gmail.kajatin.roland.Padel-Pro";
				PRODUCT_NAME = "$(TARGET_NAME)";
				SDKROOT = iphoneos;
				SWIFT_VERSION = 5.0;
				VALIDATE_PRODUCT = YES;
			};
			name = Release;
		};
/* End XCBuildConfiguration section */

/* Begin XCConfigurationList section */
		4CAF7BB12AE5061E000C9277 /* Build configuration list for PBXProject "Padel Pro" */ = {
			isa = XCConfigurationList;
			buildConfigurations = (
				4CAF7BC82AE5061F000C9277 /* Debug */,
				4CAF7BC92AE5061F000C9277 /* Release */,
			);
			defaultConfigurationIsVisible = 0;
			defaultConfigurationName = Release;
		};
		4CAF7BCA2AE5061F000C9277 /* Build configuration list for PBXNativeTarget "Padel Pro Watch App" */ = {
			isa = XCConfigurationList;
			buildConfigurations = (
				4CAF7BCB2AE5061F000C9277 /* Debug */,
				4CAF7BCC2AE5061F000C9277 /* Release */,
			);
			defaultConfigurationIsVisible = 0;
			defaultConfigurationName = Release;
		};
		4CAF7BCE2AE5061F000C9277 /* Build configuration list for PBXNativeTarget "Padel Pro" */ = {
			isa = XCConfigurationList;
			buildConfigurations = (
				4CAF7BCF2AE5061F000C9277 /* Debug */,
				4CAF7BD02AE5061F000C9277 /* Release */,
			);
			defaultConfigurationIsVisible = 0;
			defaultConfigurationName = Release;
		};
/* End XCConfigurationList section */
	};
	rootObject = 4CAF7BAE2AE5061E000C9277 /* Project object */;
}
